
Microsoft Visual Studio Solution File, Format Version 12.00
# Visual Studio 15
VisualStudioVersion = 15.0.28010.2036
MinimumVisualStudioVersion = 10.0.40219.1
Project("{FAE04EC0-301F-11D3-BF4B-00C04F79EFBC}") = "BankApp", "BankApp\BankApp.csproj", "{13CB64A4-E7AD-4492-BAAE-25671B5C6876}"
EndProject
Project("{FAE04EC0-301F-11D3-BF4B-00C04F79EFBC}") = "MyExtention", "MyExtention\MyExtention.csproj", "{76A26B9C-28C0-4FD6-8D26-3E396B4C9DA1}"
EndProject
Global
	GlobalSection(SolutionConfigurationPlatforms) = preSolution
		Debug|Any CPU = Debug|Any CPU
		Release|Any CPU = Release|Any CPU
	EndGlobalSection
	GlobalSection(ProjectConfigurationPlatforms) = postSolution
		{13CB64A4-E7AD-4492-BAAE-25671B5C6876}.Debug|Any CPU.ActiveCfg = Debug|Any CPU
		{13CB64A4-E7AD-4492-BAAE-25671B5C6876}.Debug|Any CPU.Build.0 = Debug|Any CPU
		{13CB64A4-E7AD-4492-BAAE-25671B5C6876}.Release|Any CPU.ActiveCfg = Release|Any CPU
		{13CB64A4-E7AD-4492-BAAE-25671B5C6876}.Release|Any CPU.Build.0 = Release|Any CPU
		{76A26B9C-28C0-4FD6-8D26-3E396B4C9DA1}.Debug|Any CPU.ActiveCfg = Debug|Any CPU
		{76A26B9C-28C0-4FD6-8D26-3E396B4C9DA1}.Debug|Any CPU.Build.0 = Debug|Any CPU
		{76A26B9C-28C0-4FD6-8D26-3E396B4C9DA1}.Release|Any CPU.ActiveCfg = Release|Any CPU
		{76A26B9C-28C0-4FD6-8D26-3E396B4C9DA1}.Release|Any CPU.Build.0 = Release|Any CPU
	EndGlobalSection
	GlobalSection(SolutionProperties) = preSolution
		HideSolutionNode = FALSE
	EndGlobalSection
	GlobalSection(ExtensibilityGlobals) = postSolution
		SolutionGuid = {FFE4D7D1-0B5D-499B-ACF3-077760D2E41C}
	EndGlobalSection
EndGlobal
